
Microsoft Visual Studio Solution File, Format Version 12.00
# Visual Studio 15
VisualStudioVersion = 15.0.27428.2027
MinimumVisualStudioVersion = 10.0.40219.1
Project("{FAE04EC0-301F-11D3-BF4B-00C04F79EFBC}") = "HelloPrism.Android", "HelloPrism\HelloPrism.Android\HelloPrism.Android.csproj", "{831236D7-4AEE-4BB2-B2F7-438930E9DBA5}"
EndProject
Project("{FAE04EC0-301F-11D3-BF4B-00C04F79EFBC}") = "HelloPrism.iOS", "HelloPrism\HelloPrism.iOS\HelloPrism.iOS.csproj", "{71934784-0C1C-4B7D-ADCE-BE200E2EA573}"
EndProject
Project("{FAE04EC0-301F-11D3-BF4B-00C04F79EFBC}") = "HelloPrism.UWP", "HelloPrism\HelloPrism.UWP\HelloPrism.UWP.csproj", "{CE8EB7FA-EBFB-4D3E-B687-E65A8EE57E9E}"
EndProject
Project("{FAE04EC0-301F-11D3-BF4B-00C04F79EFBC}") = "HelloPrism", "HelloPrism\HelloPrism\HelloPrism.csproj", "{43EBE900-37C6-48D7-9C87-2EADE432C375}"
EndProject
Global
	GlobalSection(SolutionConfigurationPlatforms) = preSolution
		Ad-Hoc|Any CPU = Ad-Hoc|Any CPU
		Ad-Hoc|ARM = Ad-Hoc|ARM
		Ad-Hoc|iPhone = Ad-Hoc|iPhone
		Ad-Hoc|iPhoneSimulator = Ad-Hoc|iPhoneSimulator
		Ad-Hoc|x64 = Ad-Hoc|x64
		Ad-Hoc|x86 = Ad-Hoc|x86
		AppStore|Any CPU = AppStore|Any CPU
		AppStore|ARM = AppStore|ARM
		AppStore|iPhone = AppStore|iPhone
		AppStore|iPhoneSimulator = AppStore|iPhoneSimulator
		AppStore|x64 = AppStore|x64
		AppStore|x86 = AppStore|x86
		Debug|Any CPU = Debug|Any CPU
		Debug|ARM = Debug|ARM
		Debug|iPhone = Debug|iPhone
		Debug|iPhoneSimulator = Debug|iPhoneSimulator
		Debug|x64 = Debug|x64
		Debug|x86 = Debug|x86
		Release|Any CPU = Release|Any CPU
		Release|ARM = Release|ARM
		Release|iPhone = Release|iPhone
		Release|iPhoneSimulator = Release|iPhoneSimulator
		Release|x64 = Release|x64
		Release|x86 = Release|x86
	EndGlobalSection
	GlobalSection(ProjectConfigurationPlatforms) = postSolution
		{831236D7-4AEE-4BB2-B2F7-438930E9DBA5}.Ad-Hoc|Any CPU.ActiveCfg = Release|Any CPU
		{831236D7-4AEE-4BB2-B2F7-438930E9DBA5}.Ad-Hoc|Any CPU.Build.0 = Release|Any CPU
		{831236D7-4AEE-4BB2-B2F7-438930E9DBA5}.Ad-Hoc|Any CPU.Deploy.0 = Release|Any CPU
		{831236D7-4AEE-4BB2-B2F7-438930E9DBA5}.Ad-Hoc|ARM.ActiveCfg = Release|Any CPU
		{831236D7-4AEE-4BB2-B2F7-438930E9DBA5}.Ad-Hoc|ARM.Build.0 = Release|Any CPU
		{831236D7-4AEE-4BB2-B2F7-438930E9DBA5}.Ad-Hoc|ARM.Deploy.0 = Release|Any CPU
		{831236D7-4AEE-4BB2-B2F7-438930E9DBA5}.Ad-Hoc|iPhone.ActiveCfg = Release|Any CPU
		{831236D7-4AEE-4BB2-B2F7-438930E9DBA5}.Ad-Hoc|iPhone.Build.0 = Release|Any CPU
		{831236D7-4AEE-4BB2-B2F7-438930E9DBA5}.Ad-Hoc|iPhone.Deploy.0 = Release|Any CPU
		{831236D7-4AEE-4BB2-B2F7-438930E9DBA5}.Ad-Hoc|iPhoneSimulator.ActiveCfg = Release|Any CPU
		{831236D7-4AEE-4BB2-B2F7-438930E9DBA5}.Ad-Hoc|iPhoneSimulator.Build.0 = Release|Any CPU
		{831236D7-4AEE-4BB2-B2F7-438930E9DBA5}.Ad-Hoc|iPhoneSimulator.Deploy.0 = Release|Any CPU
		{831236D7-4AEE-4BB2-B2F7-438930E9DBA5}.Ad-Hoc|x64.ActiveCfg = Release|Any CPU
		{831236D7-4AEE-4BB2-B2F7-438930E9DBA5}.Ad-Hoc|x64.Build.0 = Release|Any CPU
		{831236D7-4AEE-4BB2-B2F7-438930E9DBA5}.Ad-Hoc|x64.Deploy.0 = Release|Any CPU
		{831236D7-4AEE-4BB2-B2F7-438930E9DBA5}.Ad-Hoc|x86.ActiveCfg = Release|Any CPU
		{831236D7-4AEE-4BB2-B2F7-438930E9DBA5}.Ad-Hoc|x86.Build.0 = Release|Any CPU
		{831236D7-4AEE-4BB2-B2F7-438930E9DBA5}.Ad-Hoc|x86.Deploy.0 = Release|Any CPU
		{831236D7-4AEE-4BB2-B2F7-438930E9DBA5}.AppStore|Any CPU.ActiveCfg = Release|Any CPU
		{831236D7-4AEE-4BB2-B2F7-438930E9DBA5}.AppStore|Any CPU.Build.0 = Release|Any CPU
		{831236D7-4AEE-4BB2-B2F7-438930E9DBA5}.AppStore|Any CPU.Deploy.0 = Release|Any CPU
		{831236D7-4AEE-4BB2-B2F7-438930E9DBA5}.AppStore|ARM.ActiveCfg = Release|Any CPU
		{831236D7-4AEE-4BB2-B2F7-438930E9DBA5}.AppStore|ARM.Build.0 = Release|Any CPU
		{831236D7-4AEE-4BB2-B2F7-438930E9DBA5}.AppStore|ARM.Deploy.0 = Release|Any CPU
		{831236D7-4AEE-4BB2-B2F7-438930E9DBA5}.AppStore|iPhone.ActiveCfg = Release|Any CPU
		{831236D7-4AEE-4BB2-B2F7-438930E9DBA5}.AppStore|iPhone.Build.0 = Release|Any CPU
		{831236D7-4AEE-4BB2-B2F7-438930E9DBA5}.AppStore|iPhone.Deploy.0 = Release|Any CPU
		{831236D7-4AEE-4BB2-B2F7-438930E9DBA5}.AppStore|iPhoneSimulator.ActiveCfg = Release|Any CPU
		{831236D7-4AEE-4BB2-B2F7-438930E9DBA5}.AppStore|iPhoneSimulator.Build.0 = Release|Any CPU
		{831236D7-4AEE-4BB2-B2F7-438930E9DBA5}.AppStore|iPhoneSimulator.Deploy.0 = Release|Any CPU
		{831236D7-4AEE-4BB2-B2F7-438930E9DBA5}.AppStore|x64.ActiveCfg = Release|Any CPU
		{831236D7-4AEE-4BB2-B2F7-438930E9DBA5}.AppStore|x64.Build.0 = Release|Any CPU
		{831236D7-4AEE-4BB2-B2F7-438930E9DBA5}.AppStore|x64.Deploy.0 = Release|Any CPU
		{831236D7-4AEE-4BB2-B2F7-438930E9DBA5}.AppStore|x86.ActiveCfg = Release|Any CPU
		{831236D7-4AEE-4BB2-B2F7-438930E9DBA5}.AppStore|x86.Build.0 = Release|Any CPU
		{831236D7-4AEE-4BB2-B2F7-438930E9DBA5}.AppStore|x86.Deploy.0 = Release|Any CPU
		{831236D7-4AEE-4BB2-B2F7-438930E9DBA5}.Debug|Any CPU.ActiveCfg = Debug|Any CPU
		{831236D7-4AEE-4BB2-B2F7-438930E9DBA5}.Debug|Any CPU.Build.0 = Debug|Any CPU
		{831236D7-4AEE-4BB2-B2F7-438930E9DBA5}.Debug|Any CPU.Deploy.0 = Debug|Any CPU
		{831236D7-4AEE-4BB2-B2F7-438930E9DBA5}.Debug|ARM.ActiveCfg = Debug|Any CPU
		{831236D7-4AEE-4BB2-B2F7-438930E9DBA5}.Debug|ARM.Build.0 = Debug|Any CPU
		{831236D7-4AEE-4BB2-B2F7-438930E9DBA5}.Debug|ARM.Deploy.0 = Debug|Any CPU
		{831236D7-4AEE-4BB2-B2F7-438930E9DBA5}.Debug|iPhone.ActiveCfg = Debug|Any CPU
		{831236D7-4AEE-4BB2-B2F7-438930E9DBA5}.Debug|iPhone.Build.0 = Debug|Any CPU
		{831236D7-4AEE-4BB2-B2F7-438930E9DBA5}.Debug|iPhone.Deploy.0 = Debug|Any CPU
		{831236D7-4AEE-4BB2-B2F7-438930E9DBA5}.Debug|iPhoneSimulator.ActiveCfg = Debug|Any CPU
		{831236D7-4AEE-4BB2-B2F7-438930E9DBA5}.Debug|iPhoneSimulator.Build.0 = Debug|Any CPU
		{831236D7-4AEE-4BB2-B2F7-438930E9DBA5}.Debug|iPhoneSimulator.Deploy.0 = Debug|Any CPU
		{831236D7-4AEE-4BB2-B2F7-438930E9DBA5}.Debug|x64.ActiveCfg = Debug|Any CPU
		{831236D7-4AEE-4BB2-B2F7-438930E9DBA5}.Debug|x64.Build.0 = Debug|Any CPU
		{831236D7-4AEE-4BB2-B2F7-438930E9DBA5}.Debug|x64.Deploy.0 = Debug|Any CPU
		{831236D7-4AEE-4BB2-B2F7-438930E9DBA5}.Debug|x86.ActiveCfg = Debug|Any CPU
		{831236D7-4AEE-4BB2-B2F7-438930E9DBA5}.Debug|x86.Build.0 = Debug|Any CPU
		{831236D7-4AEE-4BB2-B2F7-438930E9DBA5}.Debug|x86.Deploy.0 = Debug|Any CPU
		{831236D7-4AEE-4BB2-B2F7-438930E9DBA5}.Release|Any CPU.ActiveCfg = Release|Any CPU
		{831236D7-4AEE-4BB2-B2F7-438930E9DBA5}.Release|Any CPU.Build.0 = Release|Any CPU
		{831236D7-4AEE-4BB2-B2F7-438930E9DBA5}.Release|Any CPU.Deploy.0 = Release|Any CPU
		{831236D7-4AEE-4BB2-B2F7-438930E9DBA5}.Release|ARM.ActiveCfg = Release|Any CPU
		{831236D7-4AEE-4BB2-B2F7-438930E9DBA5}.Release|ARM.Build.0 = Release|Any CPU
		{831236D7-4AEE-4BB2-B2F7-438930E9DBA5}.Release|ARM.Deploy.0 = Release|Any CPU
		{831236D7-4AEE-4BB2-B2F7-438930E9DBA5}.Release|iPhone.ActiveCfg = Release|Any CPU
		{831236D7-4AEE-4BB2-B2F7-438930E9DBA5}.Release|iPhone.Build.0 = Release|Any CPU
		{831236D7-4AEE-4BB2-B2F7-438930E9DBA5}.Release|iPhone.Deploy.0 = Release|Any CPU
		{831236D7-4AEE-4BB2-B2F7-438930E9DBA5}.Release|iPhoneSimulator.ActiveCfg = Release|Any CPU
		{831236D7-4AEE-4BB2-B2F7-438930E9DBA5}.Release|iPhoneSimulator.Build.0 = Release|Any CPU
		{831236D7-4AEE-4BB2-B2F7-438930E9DBA5}.Release|iPhoneSimulator.Deploy.0 = Release|Any CPU
		{831236D7-4AEE-4BB2-B2F7-438930E9DBA5}.Release|x64.ActiveCfg = Release|Any CPU
		{831236D7-4AEE-4BB2-B2F7-438930E9DBA5}.Release|x64.Build.0 = Release|Any CPU
		{831236D7-4AEE-4BB2-B2F7-438930E9DBA5}.Release|x64.Deploy.0 = Release|Any CPU
		{831236D7-4AEE-4BB2-B2F7-438930E9DBA5}.Release|x86.ActiveCfg = Release|Any CPU
		{831236D7-4AEE-4BB2-B2F7-438930E9DBA5}.Release|x86.Build.0 = Release|Any CPU
		{831236D7-4AEE-4BB2-B2F7-438930E9DBA5}.Release|x86.Deploy.0 = Release|Any CPU
		{71934784-0C1C-4B7D-ADCE-BE200E2EA573}.Ad-Hoc|Any CPU.ActiveCfg = Ad-Hoc|iPhone
		{71934784-0C1C-4B7D-ADCE-BE200E2EA573}.Ad-Hoc|ARM.ActiveCfg = Ad-Hoc|iPhone
		{71934784-0C1C-4B7D-ADCE-BE200E2EA573}.Ad-Hoc|iPhone.ActiveCfg = Ad-Hoc|iPhone
		{71934784-0C1C-4B7D-ADCE-BE200E2EA573}.Ad-Hoc|iPhone.Build.0 = Ad-Hoc|iPhone
		{71934784-0C1C-4B7D-ADCE-BE200E2EA573}.Ad-Hoc|iPhoneSimulator.ActiveCfg = Ad-Hoc|iPhoneSimulator
		{71934784-0C1C-4B7D-ADCE-BE200E2EA573}.Ad-Hoc|iPhoneSimulator.Build.0 = Ad-Hoc|iPhoneSimulator
		{71934784-0C1C-4B7D-ADCE-BE200E2EA573}.Ad-Hoc|x64.ActiveCfg = Ad-Hoc|iPhone
		{71934784-0C1C-4B7D-ADCE-BE200E2EA573}.Ad-Hoc|x86.ActiveCfg = Ad-Hoc|iPhone
		{71934784-0C1C-4B7D-ADCE-BE200E2EA573}.AppStore|Any CPU.ActiveCfg = AppStore|iPhone
		{71934784-0C1C-4B7D-ADCE-BE200E2EA573}.AppStore|ARM.ActiveCfg = AppStore|iPhone
		{71934784-0C1C-4B7D-ADCE-BE200E2EA573}.AppStore|iPhone.ActiveCfg = AppStore|iPhone
		{71934784-0C1C-4B7D-ADCE-BE200E2EA573}.AppStore|iPhone.Build.0 = AppStore|iPhone
		{71934784-0C1C-4B7D-ADCE-BE200E2EA573}.AppStore|iPhoneSimulator.ActiveCfg = AppStore|iPhoneSimulator
		{71934784-0C1C-4B7D-ADCE-BE200E2EA573}.AppStore|iPhoneSimulator.Build.0 = AppStore|iPhoneSimulator
		{71934784-0C1C-4B7D-ADCE-BE200E2EA573}.AppStore|x64.ActiveCfg = AppStore|iPhone
		{71934784-0C1C-4B7D-ADCE-BE200E2EA573}.AppStore|x86.ActiveCfg = AppStore|iPhone
		{71934784-0C1C-4B7D-ADCE-BE200E2EA573}.Debug|Any CPU.ActiveCfg = Debug|iPhone
		{71934784-0C1C-4B7D-ADCE-BE200E2EA573}.Debug|ARM.ActiveCfg = Debug|iPhone
		{71934784-0C1C-4B7D-ADCE-BE200E2EA573}.Debug|iPhone.ActiveCfg = Debug|iPhone
		{71934784-0C1C-4B7D-ADCE-BE200E2EA573}.Debug|iPhone.Build.0 = Debug|iPhone
		{71934784-0C1C-4B7D-ADCE-BE200E2EA573}.Debug|iPhoneSimulator.ActiveCfg = Debug|iPhoneSimulator
		{71934784-0C1C-4B7D-ADCE-BE200E2EA573}.Debug|iPhoneSimulator.Build.0 = Debug|iPhoneSimulator
		{71934784-0C1C-4B7D-ADCE-BE200E2EA573}.Debug|x64.ActiveCfg = Debug|iPhone
		{71934784-0C1C-4B7D-ADCE-BE200E2EA573}.Debug|x86.ActiveCfg = Debug|iPhone
		{71934784-0C1C-4B7D-ADCE-BE200E2EA573}.Release|Any CPU.ActiveCfg = Release|iPhone
		{71934784-0C1C-4B7D-ADCE-BE200E2EA573}.Release|ARM.ActiveCfg = Release|iPhone
		{71934784-0C1C-4B7D-ADCE-BE200E2EA573}.Release|iPhone.ActiveCfg = Release|iPhone
		{71934784-0C1C-4B7D-ADCE-BE200E2EA573}.Release|iPhone.Build.0 = Release|iPhone
		{71934784-0C1C-4B7D-ADCE-BE200E2EA573}.Release|iPhoneSimulator.ActiveCfg = Release|iPhoneSimulator
		{71934784-0C1C-4B7D-ADCE-BE200E2EA573}.Release|iPhoneSimulator.Build.0 = Release|iPhoneSimulator
		{71934784-0C1C-4B7D-ADCE-BE200E2EA573}.Release|x64.ActiveCfg = Release|iPhone
		{71934784-0C1C-4B7D-ADCE-BE200E2EA573}.Release|x86.ActiveCfg = Release|iPhone
		{CE8EB7FA-EBFB-4D3E-B687-E65A8EE57E9E}.Ad-Hoc|Any CPU.ActiveCfg = Release|x86
		{CE8EB7FA-EBFB-4D3E-B687-E65A8EE57E9E}.Ad-Hoc|Any CPU.Build.0 = Release|x86
		{CE8EB7FA-EBFB-4D3E-B687-E65A8EE57E9E}.Ad-Hoc|Any CPU.Deploy.0 = Release|x86
		{CE8EB7FA-EBFB-4D3E-B687-E65A8EE57E9E}.Ad-Hoc|ARM.ActiveCfg = Release|ARM
		{CE8EB7FA-EBFB-4D3E-B687-E65A8EE57E9E}.Ad-Hoc|ARM.Build.0 = Release|ARM
		{CE8EB7FA-EBFB-4D3E-B687-E65A8EE57E9E}.Ad-Hoc|ARM.Deploy.0 = Release|ARM
		{CE8EB7FA-EBFB-4D3E-B687-E65A8EE57E9E}.Ad-Hoc|iPhone.ActiveCfg = Release|x86
		{CE8EB7FA-EBFB-4D3E-B687-E65A8EE57E9E}.Ad-Hoc|iPhone.Build.0 = Release|x86
		{CE8EB7FA-EBFB-4D3E-B687-E65A8EE57E9E}.Ad-Hoc|iPhone.Deploy.0 = Release|x86
		{CE8EB7FA-EBFB-4D3E-B687-E65A8EE57E9E}.Ad-Hoc|iPhoneSimulator.ActiveCfg = Release|x86
		{CE8EB7FA-EBFB-4D3E-B687-E65A8EE57E9E}.Ad-Hoc|iPhoneSimulator.Build.0 = Release|x86
		{CE8EB7FA-EBFB-4D3E-B687-E65A8EE57E9E}.Ad-Hoc|iPhoneSimulator.Deploy.0 = Release|x86
		{CE8EB7FA-EBFB-4D3E-B687-E65A8EE57E9E}.Ad-Hoc|x64.ActiveCfg = Release|x64
		{CE8EB7FA-EBFB-4D3E-B687-E65A8EE57E9E}.Ad-Hoc|x64.Build.0 = Release|x64
		{CE8EB7FA-EBFB-4D3E-B687-E65A8EE57E9E}.Ad-Hoc|x64.Deploy.0 = Release|x64
		{CE8EB7FA-EBFB-4D3E-B687-E65A8EE57E9E}.Ad-Hoc|x86.ActiveCfg = Release|x86
		{CE8EB7FA-EBFB-4D3E-B687-E65A8EE57E9E}.Ad-Hoc|x86.Build.0 = Release|x86
		{CE8EB7FA-EBFB-4D3E-B687-E65A8EE57E9E}.Ad-Hoc|x86.Deploy.0 = Release|x86
		{CE8EB7FA-EBFB-4D3E-B687-E65A8EE57E9E}.AppStore|Any CPU.ActiveCfg = Release|x86
		{CE8EB7FA-EBFB-4D3E-B687-E65A8EE57E9E}.AppStore|Any CPU.Build.0 = Release|x86
		{CE8EB7FA-EBFB-4D3E-B687-E65A8EE57E9E}.AppStore|Any CPU.Deploy.0 = Release|x86
		{CE8EB7FA-EBFB-4D3E-B687-E65A8EE57E9E}.AppStore|ARM.ActiveCfg = Release|ARM
		{CE8EB7FA-EBFB-4D3E-B687-E65A8EE57E9E}.AppStore|ARM.Build.0 = Release|ARM
		{CE8EB7FA-EBFB-4D3E-B687-E65A8EE57E9E}.AppStore|ARM.Deploy.0 = Release|ARM
		{CE8EB7FA-EBFB-4D3E-B687-E65A8EE57E9E}.AppStore|iPhone.ActiveCfg = Release|x86
		{CE8EB7FA-EBFB-4D3E-B687-E65A8EE57E9E}.AppStore|iPhone.Build.0 = Release|x86
		{CE8EB7FA-EBFB-4D3E-B687-E65A8EE57E9E}.AppStore|iPhone.Deploy.0 = Release|x86
		{CE8EB7FA-EBFB-4D3E-B687-E65A8EE57E9E}.AppStore|iPhoneSimulator.ActiveCfg = Release|x86
		{CE8EB7FA-EBFB-4D3E-B687-E65A8EE57E9E}.AppStore|iPhoneSimulator.Build.0 = Release|x86
		{CE8EB7FA-EBFB-4D3E-B687-E65A8EE57E9E}.AppStore|iPhoneSimulator.Deploy.0 = Release|x86
		{CE8EB7FA-EBFB-4D3E-B687-E65A8EE57E9E}.AppStore|x64.ActiveCfg = Release|x64
		{CE8EB7FA-EBFB-4D3E-B687-E65A8EE57E9E}.AppStore|x64.Build.0 = Release|x64
		{CE8EB7FA-EBFB-4D3E-B687-E65A8EE57E9E}.AppStore|x64.Deploy.0 = Release|x64
		{CE8EB7FA-EBFB-4D3E-B687-E65A8EE57E9E}.AppStore|x86.ActiveCfg = Release|x86
		{CE8EB7FA-EBFB-4D3E-B687-E65A8EE57E9E}.AppStore|x86.Build.0 = Release|x86
		{CE8EB7FA-EBFB-4D3E-B687-E65A8EE57E9E}.AppStore|x86.Deploy.0 = Release|x86
		{CE8EB7FA-EBFB-4D3E-B687-E65A8EE57E9E}.Debug|Any CPU.ActiveCfg = Debug|x86
		{CE8EB7FA-EBFB-4D3E-B687-E65A8EE57E9E}.Debug|ARM.ActiveCfg = Debug|ARM
		{CE8EB7FA-EBFB-4D3E-B687-E65A8EE57E9E}.Debug|ARM.Build.0 = Debug|ARM
		{CE8EB7FA-EBFB-4D3E-B687-E65A8EE57E9E}.Debug|ARM.Deploy.0 = Debug|ARM
		{CE8EB7FA-EBFB-4D3E-B687-E65A8EE57E9E}.Debug|iPhone.ActiveCfg = Debug|x86
		{CE8EB7FA-EBFB-4D3E-B687-E65A8EE57E9E}.Debug|iPhoneSimulator.ActiveCfg = Debug|x86
		{CE8EB7FA-EBFB-4D3E-B687-E65A8EE57E9E}.Debug|x64.ActiveCfg = Debug|x64
		{CE8EB7FA-EBFB-4D3E-B687-E65A8EE57E9E}.Debug|x64.Build.0 = Debug|x64
		{CE8EB7FA-EBFB-4D3E-B687-E65A8EE57E9E}.Debug|x64.Deploy.0 = Debug|x64
		{CE8EB7FA-EBFB-4D3E-B687-E65A8EE57E9E}.Debug|x86.ActiveCfg = Debug|x86
		{CE8EB7FA-EBFB-4D3E-B687-E65A8EE57E9E}.Debug|x86.Build.0 = Debug|x86
		{CE8EB7FA-EBFB-4D3E-B687-E65A8EE57E9E}.Debug|x86.Deploy.0 = Debug|x86
		{CE8EB7FA-EBFB-4D3E-B687-E65A8EE57E9E}.Release|Any CPU.ActiveCfg = Release|x86
		{CE8EB7FA-EBFB-4D3E-B687-E65A8EE57E9E}.Release|ARM.ActiveCfg = Release|ARM
		{CE8EB7FA-EBFB-4D3E-B687-E65A8EE57E9E}.Release|ARM.Build.0 = Release|ARM
		{CE8EB7FA-EBFB-4D3E-B687-E65A8EE57E9E}.Release|ARM.Deploy.0 = Release|ARM
		{CE8EB7FA-EBFB-4D3E-B687-E65A8EE57E9E}.Release|iPhone.ActiveCfg = Release|x86
		{CE8EB7FA-EBFB-4D3E-B687-E65A8EE57E9E}.Release|iPhoneSimulator.ActiveCfg = Release|x86
		{CE8EB7FA-EBFB-4D3E-B687-E65A8EE57E9E}.Release|x64.ActiveCfg = Release|x64
		{CE8EB7FA-EBFB-4D3E-B687-E65A8EE57E9E}.Release|x64.Build.0 = Release|x64
		{CE8EB7FA-EBFB-4D3E-B687-E65A8EE57E9E}.Release|x64.Deploy.0 = Release|x64
		{CE8EB7FA-EBFB-4D3E-B687-E65A8EE57E9E}.Release|x86.ActiveCfg = Release|x86
		{CE8EB7FA-EBFB-4D3E-B687-E65A8EE57E9E}.Release|x86.Build.0 = Release|x86
		{CE8EB7FA-EBFB-4D3E-B687-E65A8EE57E9E}.Release|x86.Deploy.0 = Release|x86
		{43EBE900-37C6-48D7-9C87-2EADE432C375}.Ad-Hoc|Any CPU.ActiveCfg = Debug|Any CPU
		{43EBE900-37C6-48D7-9C87-2EADE432C375}.Ad-Hoc|Any CPU.Build.0 = Debug|Any CPU
		{43EBE900-37C6-48D7-9C87-2EADE432C375}.Ad-Hoc|ARM.ActiveCfg = Debug|Any CPU
		{43EBE900-37C6-48D7-9C87-2EADE432C375}.Ad-Hoc|ARM.Build.0 = Debug|Any CPU
		{43EBE900-37C6-48D7-9C87-2EADE432C375}.Ad-Hoc|iPhone.ActiveCfg = Debug|Any CPU
		{43EBE900-37C6-48D7-9C87-2EADE432C375}.Ad-Hoc|iPhone.Build.0 = Debug|Any CPU
		{43EBE900-37C6-48D7-9C87-2EADE432C375}.Ad-Hoc|iPhoneSimulator.ActiveCfg = Debug|Any CPU
		{43EBE900-37C6-48D7-9C87-2EADE432C375}.Ad-Hoc|iPhoneSimulator.Build.0 = Debug|Any CPU
		{43EBE900-37C6-48D7-9C87-2EADE432C375}.Ad-Hoc|x64.ActiveCfg = Debug|Any CPU
		{43EBE900-37C6-48D7-9C87-2EADE432C375}.Ad-Hoc|x64.Build.0 = Debug|Any CPU
		{43EBE900-37C6-48D7-9C87-2EADE432C375}.Ad-Hoc|x86.ActiveCfg = Debug|Any CPU
		{43EBE900-37C6-48D7-9C87-2EADE432C375}.Ad-Hoc|x86.Build.0 = Debug|Any CPU
		{43EBE900-37C6-48D7-9C87-2EADE432C375}.AppStore|Any CPU.ActiveCfg = Debug|Any CPU
		{43EBE900-37C6-48D7-9C87-2EADE432C375}.AppStore|Any CPU.Build.0 = Debug|Any CPU
		{43EBE900-37C6-48D7-9C87-2EADE432C375}.AppStore|ARM.ActiveCfg = Debug|Any CPU
		{43EBE900-37C6-48D7-9C87-2EADE432C375}.AppStore|ARM.Build.0 = Debug|Any CPU
		{43EBE900-37C6-48D7-9C87-2EADE432C375}.AppStore|iPhone.ActiveCfg = Debug|Any CPU
		{43EBE900-37C6-48D7-9C87-2EADE432C375}.AppStore|iPhone.Build.0 = Debug|Any CPU
		{43EBE900-37C6-48D7-9C87-2EADE432C375}.AppStore|iPhoneSimulator.ActiveCfg = Debug|Any CPU
		{43EBE900-37C6-48D7-9C87-2EADE432C375}.AppStore|iPhoneSimulator.Build.0 = Debug|Any CPU
		{43EBE900-37C6-48D7-9C87-2EADE432C375}.AppStore|x64.ActiveCfg = Debug|Any CPU
		{43EBE900-37C6-48D7-9C87-2EADE432C375}.AppStore|x64.Build.0 = Debug|Any CPU
		{43EBE900-37C6-48D7-9C87-2EADE432C375}.AppStore|x86.ActiveCfg = Debug|Any CPU
		{43EBE900-37C6-48D7-9C87-2EADE432C375}.AppStore|x86.Build.0 = Debug|Any CPU
		{43EBE900-37C6-48D7-9C87-2EADE432C375}.Debug|Any CPU.ActiveCfg = Debug|Any CPU
		{43EBE900-37C6-48D7-9C87-2EADE432C375}.Debug|Any CPU.Build.0 = Debug|Any CPU
		{43EBE900-37C6-48D7-9C87-2EADE432C375}.Debug|ARM.ActiveCfg = Debug|Any CPU
		{43EBE900-37C6-48D7-9C87-2EADE432C375}.Debug|ARM.Build.0 = Debug|Any CPU
		{43EBE900-37C6-48D7-9C87-2EADE432C375}.Debug|iPhone.ActiveCfg = Debug|Any CPU
		{43EBE900-37C6-48D7-9C87-2EADE432C375}.Debug|iPhone.Build.0 = Debug|Any CPU
		{43EBE900-37C6-48D7-9C87-2EADE432C375}.Debug|iPhoneSimulator.ActiveCfg = Debug|Any CPU
		{43EBE900-37C6-48D7-9C87-2EADE432C375}.Debug|iPhoneSimulator.Build.0 = Debug|Any CPU
		{43EBE900-37C6-48D7-9C87-2EADE432C375}.Debug|x64.ActiveCfg = Debug|Any CPU
		{43EBE900-37C6-48D7-9C87-2EADE432C375}.Debug|x64.Build.0 = Debug|Any CPU
		{43EBE900-37C6-48D7-9C87-2EADE432C375}.Debug|x86.ActiveCfg = Debug|Any CPU
		{43EBE900-37C6-48D7-9C87-2EADE432C375}.Debug|x86.Build.0 = Debug|Any CPU
		{43EBE900-37C6-48D7-9C87-2EADE432C375}.Release|Any CPU.ActiveCfg = Release|Any CPU
		{43EBE900-37C6-48D7-9C87-2EADE432C375}.Release|Any CPU.Build.0 = Release|Any CPU
		{43EBE900-37C6-48D7-9C87-2EADE432C375}.Release|ARM.ActiveCfg = Release|Any CPU
		{43EBE900-37C6-48D7-9C87-2EADE432C375}.Release|ARM.Build.0 = Release|Any CPU
		{43EBE900-37C6-48D7-9C87-2EADE432C375}.Release|iPhone.ActiveCfg = Release|Any CPU
		{43EBE900-37C6-48D7-9C87-2EADE432C375}.Release|iPhone.Build.0 = Release|Any CPU
		{43EBE900-37C6-48D7-9C87-2EADE432C375}.Release|iPhoneSimulator.ActiveCfg = Release|Any CPU
		{43EBE900-37C6-48D7-9C87-2EADE432C375}.Release|iPhoneSimulator.Build.0 = Release|Any CPU
		{43EBE900-37C6-48D7-9C87-2EADE432C375}.Release|x64.ActiveCfg = Release|Any CPU
		{43EBE900-37C6-48D7-9C87-2EADE432C375}.Release|x64.Build.0 = Release|Any CPU
		{43EBE900-37C6-48D7-9C87-2EADE432C375}.Release|x86.ActiveCfg = Release|Any CPU
		{43EBE900-37C6-48D7-9C87-2EADE432C375}.Release|x86.Build.0 = Release|Any CPU
	EndGlobalSection
	GlobalSection(SolutionProperties) = preSolution
		HideSolutionNode = FALSE
	EndGlobalSection
	GlobalSection(ExtensibilityGlobals) = postSolution
		SolutionGuid = {7F4FEC52-A1AD-4A70-8485-80A2451E470B}
	EndGlobalSection
EndGlobal
